
Microsoft Visual Studio Solution File, Format Version 12.00
Project("{FAE04EC0-301F-11D3-BF4B-00C04F79EFBC}") = "DanserMenuRewrite", "DanserMenuRewrite\DanserMenuRewrite.csproj", "{BEEB4527-7036-4FBC-A7FF-9A4CFFD0EF98}"
EndProject
Global
	GlobalSection(SolutionConfigurationPlatforms) = preSolution
		Debug|Any CPU = Debug|Any CPU
		Release|Any CPU = Release|Any CPU
	EndGlobalSection
	GlobalSection(ProjectConfigurationPlatforms) = postSolution
		{BEEB4527-7036-4FBC-A7FF-9A4CFFD0EF98}.Debug|Any CPU.ActiveCfg = Debug|Any CPU
		{BEEB4527-7036-4FBC-A7FF-9A4CFFD0EF98}.Debug|Any CPU.Build.0 = Debug|Any CPU
		{BEEB4527-7036-4FBC-A7FF-9A4CFFD0EF98}.Release|Any CPU.ActiveCfg = Release|Any CPU
		{BEEB4527-7036-4FBC-A7FF-9A4CFFD0EF98}.Release|Any CPU.Build.0 = Release|Any CPU
	EndGlobalSection
EndGlobal
